
Microsoft Visual Studio Solution File, Format Version 12.00
# Visual Studio 15
VisualStudioVersion = 15.0.27428.2037
MinimumVisualStudioVersion = 10.0.40219.1
Project("{FAE04EC0-301F-11D3-BF4B-00C04F79EFBC}") = "Common", "Common\Common.csproj", "{8C96896F-E69D-45EF-A876-F41C91363E9C}"
EndProject
Project("{FAE04EC0-301F-11D3-BF4B-00C04F79EFBC}") = "Models", "Models\Models.csproj", "{491F0031-3544-4A30-B687-023FB88E7A73}"
EndProject
Project("{FAE04EC0-301F-11D3-BF4B-00C04F79EFBC}") = "Factories", "Factories\Factories.csproj", "{3BD4C51F-F1D3-47B1-B3D8-B5E7E44BF66F}"
EndProject
Project("{FAE04EC0-301F-11D3-BF4B-00C04F79EFBC}") = "BotFactory", "BotFactory\BotFactory.csproj", "{90845D20-0A0B-4D85-B38C-4DF4A8FA2FAD}"
EndProject
Global
	GlobalSection(SolutionConfigurationPlatforms) = preSolution
		Debug|Any CPU = Debug|Any CPU
		Release|Any CPU = Release|Any CPU
	EndGlobalSection
	GlobalSection(ProjectConfigurationPlatforms) = postSolution
		{8C96896F-E69D-45EF-A876-F41C91363E9C}.Debug|Any CPU.ActiveCfg = Debug|Any CPU
		{8C96896F-E69D-45EF-A876-F41C91363E9C}.Debug|Any CPU.Build.0 = Debug|Any CPU
		{8C96896F-E69D-45EF-A876-F41C91363E9C}.Release|Any CPU.ActiveCfg = Release|Any CPU
		{8C96896F-E69D-45EF-A876-F41C91363E9C}.Release|Any CPU.Build.0 = Release|Any CPU
		{491F0031-3544-4A30-B687-023FB88E7A73}.Debug|Any CPU.ActiveCfg = Debug|Any CPU
		{491F0031-3544-4A30-B687-023FB88E7A73}.Debug|Any CPU.Build.0 = Debug|Any CPU
		{491F0031-3544-4A30-B687-023FB88E7A73}.Release|Any CPU.ActiveCfg = Release|Any CPU
		{491F0031-3544-4A30-B687-023FB88E7A73}.Release|Any CPU.Build.0 = Release|Any CPU
		{3BD4C51F-F1D3-47B1-B3D8-B5E7E44BF66F}.Debug|Any CPU.ActiveCfg = Debug|Any CPU
		{3BD4C51F-F1D3-47B1-B3D8-B5E7E44BF66F}.Debug|Any CPU.Build.0 = Debug|Any CPU
		{3BD4C51F-F1D3-47B1-B3D8-B5E7E44BF66F}.Release|Any CPU.ActiveCfg = Release|Any CPU
		{3BD4C51F-F1D3-47B1-B3D8-B5E7E44BF66F}.Release|Any CPU.Build.0 = Release|Any CPU
		{90845D20-0A0B-4D85-B38C-4DF4A8FA2FAD}.Debug|Any CPU.ActiveCfg = Debug|Any CPU
		{90845D20-0A0B-4D85-B38C-4DF4A8FA2FAD}.Debug|Any CPU.Build.0 = Debug|Any CPU
		{90845D20-0A0B-4D85-B38C-4DF4A8FA2FAD}.Release|Any CPU.ActiveCfg = Release|Any CPU
		{90845D20-0A0B-4D85-B38C-4DF4A8FA2FAD}.Release|Any CPU.Build.0 = Release|Any CPU
	EndGlobalSection
	GlobalSection(SolutionProperties) = preSolution
		HideSolutionNode = FALSE
	EndGlobalSection
	GlobalSection(ExtensibilityGlobals) = postSolution
		SolutionGuid = {CE2F1557-FFAB-414A-AF4C-E7505B7F22B3}
	EndGlobalSection
EndGlobal
